
Microsoft Visual Studio Solution File, Format Version 11.00
# Visual Studio 2010
Project("{FAE04EC0-301F-11D3-BF4B-00C04F79EFBC}") = "vizefinal", "vizefinal\vizefinal.csproj", "{D3D33D18-B2B7-45C9-B4D6-4421276EA2CA}"
EndProject
Global
	GlobalSection(SolutionConfigurationPlatforms) = preSolution
		Debug|x86 = Debug|x86
		Release|x86 = Release|x86
	EndGlobalSection
	GlobalSection(ProjectConfigurationPlatforms) = postSolution
		{D3D33D18-B2B7-45C9-B4D6-4421276EA2CA}.Debug|x86.ActiveCfg = Debug|x86
		{D3D33D18-B2B7-45C9-B4D6-4421276EA2CA}.Debug|x86.Build.0 = Debug|x86
		{D3D33D18-B2B7-45C9-B4D6-4421276EA2CA}.Release|x86.ActiveCfg = Release|x86
		{D3D33D18-B2B7-45C9-B4D6-4421276EA2CA}.Release|x86.Build.0 = Release|x86
	EndGlobalSection
	GlobalSection(SolutionProperties) = preSolution
		HideSolutionNode = FALSE
	EndGlobalSection
EndGlobal
